
Microsoft Visual Studio Solution File, Format Version 12.00
# Visual Studio Version 17
VisualStudioVersion = 17.2.32526.322
MinimumVisualStudioVersion = 10.0.40219.1
Project("{FAE04EC0-301F-11D3-BF4B-00C04F79EFBC}") = "20231204", "20231204\20231204.csproj", "{AA36DFBB-AB32-47CE-9277-DC79A967D754}"
EndProject
Global
	GlobalSection(SolutionConfigurationPlatforms) = preSolution
		Debug|Any CPU = Debug|Any CPU
		Release|Any CPU = Release|Any CPU
	EndGlobalSection
	GlobalSection(ProjectConfigurationPlatforms) = postSolution
		{AA36DFBB-AB32-47CE-9277-DC79A967D754}.Debug|Any CPU.ActiveCfg = Debug|Any CPU
		{AA36DFBB-AB32-47CE-9277-DC79A967D754}.Debug|Any CPU.Build.0 = Debug|Any CPU
		{AA36DFBB-AB32-47CE-9277-DC79A967D754}.Release|Any CPU.ActiveCfg = Release|Any CPU
		{AA36DFBB-AB32-47CE-9277-DC79A967D754}.Release|Any CPU.Build.0 = Release|Any CPU
	EndGlobalSection
	GlobalSection(SolutionProperties) = preSolution
		HideSolutionNode = FALSE
	EndGlobalSection
	GlobalSection(ExtensibilityGlobals) = postSolution
		SolutionGuid = {ABCF4491-22F5-4195-9115-853C423B1830}
	EndGlobalSection
EndGlobal
